
Microsoft Visual Studio Solution File, Format Version 12.00
# Visual Studio Version 17
VisualStudioVersion = 17.14.36518.9
MinimumVisualStudioVersion = 10.0.40219.1
Project("{2150E333-8FDC-42A3-9474-1A3956D46DE8}") = "Task 0", "Task 0", "{02EA681E-C7D8-13C7-8484-4AC65E1B71E8}"
EndProject
Project("{FAE04EC0-301F-11D3-BF4B-00C04F79EFBC}") = "Tyuiu.FilevaPA.Sprint3.Task0.V15", "Tyuiu.FilevaPA.Sprint3.Task0.V15\Tyuiu.FilevaPA.Sprint3.Task0.V15.csproj", "{930306BA-687C-4E81-B707-A35F49DDC59A}"
EndProject
Project("{FAE04EC0-301F-11D3-BF4B-00C04F79EFBC}") = "Tyuiu.FilevaPA.Sprint3.Task0.V15.Lib", "Tyuiu.FilevaPA.Sprint3.Task0.V15.Lib\Tyuiu.FilevaPA.Sprint3.Task0.V15.Lib.csproj", "{9AC525E4-13D3-468C-8FB9-66AD2A1D8178}"
EndProject
Project("{FAE04EC0-301F-11D3-BF4B-00C04F79EFBC}") = "Tyuiu.FilevaPA.Sprint3.Task0.V15.Test", "Tyuiu.FilevaPA.Sprint3.Task0.V15.Test\Tyuiu.FilevaPA.Sprint3.Task0.V15.Test.csproj", "{77F04A5A-C6E9-4B95-8873-C5D8118CFC42}"
EndProject
Project("{2150E333-8FDC-42A3-9474-1A3956D46DE8}") = "Task 1", "Task 1", "{382D8896-93B7-4FB7-AAF6-1C9A05813821}"
EndProject
Project("{FAE04EC0-301F-11D3-BF4B-00C04F79EFBC}") = "Tyuiu.FilevaPA.Sprint3.Task1.V14", "Tyuiu.FilevaPA.Sprint3.Task1.V14\Tyuiu.FilevaPA.Sprint3.Task1.V14.csproj", "{C4BB363A-9AA7-489C-87E5-33483121D8B1}"
EndProject
Project("{FAE04EC0-301F-11D3-BF4B-00C04F79EFBC}") = "Tyuiu.FilevaPA.Sprint3.Task1.V14.Lib", "Tyuiu.FilevaPA.Sprint3.Task1.V14.Lib\Tyuiu.FilevaPA.Sprint3.Task1.V14.Lib.csproj", "{AEDFD07F-57B5-4521-B8BA-0BDD15627594}"
EndProject
Project("{FAE04EC0-301F-11D3-BF4B-00C04F79EFBC}") = "Tyuiu.FilevaPA.Sprint3.Task1.V14.Test", "Tyuiu.FilevaPA.Sprint3.Task1.V14.Test\Tyuiu.FilevaPA.Sprint3.Task1.V14.Test.csproj", "{05BB278F-8498-45BE-A76A-1EC4CA00963C}"
EndProject
Project("{2150E333-8FDC-42A3-9474-1A3956D46DE8}") = "Task 2", "Task 2", "{11420B3F-FFDC-4B27-B61D-9635DF2D8F45}"
EndProject
Project("{FAE04EC0-301F-11D3-BF4B-00C04F79EFBC}") = "Tyuiu.FilevaPA.Sprint3.Task2.V7", "Tyuiu.FilevaPA.Sprint3.Task2.V7\Tyuiu.FilevaPA.Sprint3.Task2.V7.csproj", "{E5DE633A-5D5E-47A9-8F34-073EDCD17553}"
EndProject
Project("{FAE04EC0-301F-11D3-BF4B-00C04F79EFBC}") = "Tyuiu.FilevaPA.Sprint3.Task2.V7.Lib", "Tyuiu.FilevaPA.Sprint3.Task2.V7.Lib\Tyuiu.FilevaPA.Sprint3.Task2.V7.Lib.csproj", "{900B7B1F-A206-4CBB-BB12-666950372DC4}"
EndProject
Project("{FAE04EC0-301F-11D3-BF4B-00C04F79EFBC}") = "Tyuiu.FilevaPA.Sprint3.Task2.V7.Test", "Tyuiu.FilevaPA.Sprint3.Task2.V7.Test\Tyuiu.FilevaPA.Sprint3.Task2.V7.Test.csproj", "{AE830925-C8E9-42DA-AE51-46B18B8E229D}"
EndProject
Project("{2150E333-8FDC-42A3-9474-1A3956D46DE8}") = "Task 3", "Task 3", "{B0F3F03F-33AA-4B54-A255-8E0BF33E33D7}"
EndProject
Project("{FAE04EC0-301F-11D3-BF4B-00C04F79EFBC}") = "Tyuiu.FilevaPA.Sprint3.Task3.V10", "Tyuiu.FilevaPA.Sprint3.Task3.V10\Tyuiu.FilevaPA.Sprint3.Task3.V10.csproj", "{9BFD04C7-39F0-4EA2-BA1E-08BFA1805EDB}"
EndProject
Project("{FAE04EC0-301F-11D3-BF4B-00C04F79EFBC}") = "Tyuiu.FilevaPA.Sprint3.Task3.V10.Lib", "Tyuiu.FilevaPA.Sprint3.Task3.V10.Lib\Tyuiu.FilevaPA.Sprint3.Task3.V10.Lib.csproj", "{57FA79B1-96AB-4E9B-9B97-C23F7A6CBC23}"
EndProject
Project("{FAE04EC0-301F-11D3-BF4B-00C04F79EFBC}") = "Tyuiu.FilevaPA.Sprint3.Task3.V10.Test", "Tyuiu.FilevaPA.Sprint3.Task3.V10.Test\Tyuiu.FilevaPA.Sprint3.Task3.V10.Test.csproj", "{6037A741-A93C-4D9B-A050-011F56CC72DC}"
EndProject
Project("{2150E333-8FDC-42A3-9474-1A3956D46DE8}") = "Task 4", "Task 4", "{82C6329B-4DB4-41C1-9ABE-70A9F02FCF0D}"
EndProject
Project("{FAE04EC0-301F-11D3-BF4B-00C04F79EFBC}") = "Tyuiu.FilevaPA.Sprint3.Task4.V30", "Tyuiu.FilevaPA.Sprint3.Task4.V30\Tyuiu.FilevaPA.Sprint3.Task4.V30.csproj", "{0A3B4C3F-98AE-4567-A472-EB9BADCE915D}"
EndProject
Project("{FAE04EC0-301F-11D3-BF4B-00C04F79EFBC}") = "Tyuiu.FilevaPA.Sprint3.Task4.V30.Lib", "Tyuiu.FilevaPA.Sprint3.Task4.V30.Lib\Tyuiu.FilevaPA.Sprint3.Task4.V30.Lib.csproj", "{5CC64F4E-6ADC-4B84-8DC6-3E756B648A40}"
EndProject
Project("{FAE04EC0-301F-11D3-BF4B-00C04F79EFBC}") = "Tyuiu.FilevaPA.Sprint3.Task4.V30.Test", "Tyuiu.FilevaPA.Sprint3.Task4.V30.Test\Tyuiu.FilevaPA.Sprint3.Task4.V30.Test.csproj", "{DD55F7F4-8540-4B96-9CB4-E2EA184C0360}"
EndProject
Project("{2150E333-8FDC-42A3-9474-1A3956D46DE8}") = "Task 5", "Task 5", "{A545DEA5-BBCC-4B3A-835D-1A85F26CA564}"
EndProject
Project("{FAE04EC0-301F-11D3-BF4B-00C04F79EFBC}") = "Tyuiu.FilevaPA.Sprint3.Task5.V10", "Tyuiu.FilevaPA.Sprint3.Task5.V10\Tyuiu.FilevaPA.Sprint3.Task5.V10.csproj", "{FB3CDCD0-CBCC-4BDB-8A95-7889801DD8C7}"
EndProject
Project("{FAE04EC0-301F-11D3-BF4B-00C04F79EFBC}") = "Tyuiu.FilevaPA.Sprint3.Task5.V10.Lib", "Tyuiu.FilevaPA.Sprint3.Task5.V10.Lib\Tyuiu.FilevaPA.Sprint3.Task5.V10.Lib.csproj", "{AD4A4F73-484E-4261-B7F8-E8AF4F43425A}"
EndProject
Project("{FAE04EC0-301F-11D3-BF4B-00C04F79EFBC}") = "Tyuiu.FilevaPA.Sprint3.Task5.V10.Test", "Tyuiu.FilevaPA.Sprint3.Task5.V10.Test\Tyuiu.FilevaPA.Sprint3.Task5.V10.Test.csproj", "{013F25F1-DB2C-404C-80FB-D7789D8B2731}"
EndProject
Project("{2150E333-8FDC-42A3-9474-1A3956D46DE8}") = "Task 6", "Task 6", "{369B5CCC-C38E-4044-ABB0-6A6E804ECAA8}"
EndProject
Project("{FAE04EC0-301F-11D3-BF4B-00C04F79EFBC}") = "Tyuiu.FilevaPA.Sprint3.Task6.V5", "Tyuiu.FilevaPA.Sprint3.Task6.V5\Tyuiu.FilevaPA.Sprint3.Task6.V5.csproj", "{6486343D-57B4-4300-B692-9F131444D579}"
EndProject
Project("{FAE04EC0-301F-11D3-BF4B-00C04F79EFBC}") = "Tyuiu.FilevaPA.Sprint3.Task6.V5.Lib", "Tyuiu.FilevaPA.Sprint3.Task6.V5.Lib\Tyuiu.FilevaPA.Sprint3.Task6.V5.Lib.csproj", "{B5E5F1FD-84EE-45F1-B299-97B63C3357A4}"
EndProject
Project("{FAE04EC0-301F-11D3-BF4B-00C04F79EFBC}") = "Tyuiu.FilevaPA.Sprint3.Task6.V5.Test", "Tyuiu.FilevaPA.Sprint3.Task6.V5.Test\Tyuiu.FilevaPA.Sprint3.Task6.V5.Test.csproj", "{171C6FA0-82EF-4F76-89CD-8F2703FB2C8B}"
EndProject
Project("{2150E333-8FDC-42A3-9474-1A3956D46DE8}") = "Task 7", "Task 7", "{56A5E041-937F-434C-A4DA-E03703ABB4C8}"
EndProject
Project("{FAE04EC0-301F-11D3-BF4B-00C04F79EFBC}") = "Tyuiu.FilevaPA.Sprint3.Task7.V30", "Tyuiu.FilevaPA.Sprint3.Task7.V30\Tyuiu.FilevaPA.Sprint3.Task7.V30.csproj", "{33CEC4D4-0C71-49AC-90B0-37AB4279A6E9}"
EndProject
Project("{FAE04EC0-301F-11D3-BF4B-00C04F79EFBC}") = "Tyuiu.FilevaPA.Sprint3.Task7.V30.Lib", "Tyuiu.FilevaPA.Sprint3.Task7.V30.Lib\Tyuiu.FilevaPA.Sprint3.Task7.V30.Lib.csproj", "{34416117-6112-4C83-8CDE-61E6FF47EF2B}"
EndProject
Project("{FAE04EC0-301F-11D3-BF4B-00C04F79EFBC}") = "Tyuiu.FilevaPA.Sprint3.Task7.V30.Test", "Tyuiu.FilevaPA.Sprint3.Task7.V30.Test\Tyuiu.FilevaPA.Sprint3.Task7.V30.Test.csproj", "{4343AF15-6C69-4E95-9561-D42759C43728}"
EndProject
Global
	GlobalSection(SolutionConfigurationPlatforms) = preSolution
		Debug|Any CPU = Debug|Any CPU
		Release|Any CPU = Release|Any CPU
	EndGlobalSection
	GlobalSection(ProjectConfigurationPlatforms) = postSolution
		{930306BA-687C-4E81-B707-A35F49DDC59A}.Debug|Any CPU.ActiveCfg = Debug|Any CPU
		{930306BA-687C-4E81-B707-A35F49DDC59A}.Debug|Any CPU.Build.0 = Debug|Any CPU
		{930306BA-687C-4E81-B707-A35F49DDC59A}.Release|Any CPU.ActiveCfg = Release|Any CPU
		{930306BA-687C-4E81-B707-A35F49DDC59A}.Release|Any CPU.Build.0 = Release|Any CPU
		{9AC525E4-13D3-468C-8FB9-66AD2A1D8178}.Debug|Any CPU.ActiveCfg = Debug|Any CPU
		{9AC525E4-13D3-468C-8FB9-66AD2A1D8178}.Debug|Any CPU.Build.0 = Debug|Any CPU
		{9AC525E4-13D3-468C-8FB9-66AD2A1D8178}.Release|Any CPU.ActiveCfg = Release|Any CPU
		{9AC525E4-13D3-468C-8FB9-66AD2A1D8178}.Release|Any CPU.Build.0 = Release|Any CPU
		{77F04A5A-C6E9-4B95-8873-C5D8118CFC42}.Debug|Any CPU.ActiveCfg = Debug|Any CPU
		{77F04A5A-C6E9-4B95-8873-C5D8118CFC42}.Debug|Any CPU.Build.0 = Debug|Any CPU
		{77F04A5A-C6E9-4B95-8873-C5D8118CFC42}.Release|Any CPU.ActiveCfg = Release|Any CPU
		{77F04A5A-C6E9-4B95-8873-C5D8118CFC42}.Release|Any CPU.Build.0 = Release|Any CPU
		{C4BB363A-9AA7-489C-87E5-33483121D8B1}.Debug|Any CPU.ActiveCfg = Debug|Any CPU
		{C4BB363A-9AA7-489C-87E5-33483121D8B1}.Debug|Any CPU.Build.0 = Debug|Any CPU
		{C4BB363A-9AA7-489C-87E5-33483121D8B1}.Release|Any CPU.ActiveCfg = Release|Any CPU
		{C4BB363A-9AA7-489C-87E5-33483121D8B1}.Release|Any CPU.Build.0 = Release|Any CPU
		{AEDFD07F-57B5-4521-B8BA-0BDD15627594}.Debug|Any CPU.ActiveCfg = Debug|Any CPU
		{AEDFD07F-57B5-4521-B8BA-0BDD15627594}.Debug|Any CPU.Build.0 = Debug|Any CPU
		{AEDFD07F-57B5-4521-B8BA-0BDD15627594}.Release|Any CPU.ActiveCfg = Release|Any CPU
		{AEDFD07F-57B5-4521-B8BA-0BDD15627594}.Release|Any CPU.Build.0 = Release|Any CPU
		{05BB278F-8498-45BE-A76A-1EC4CA00963C}.Debug|Any CPU.ActiveCfg = Debug|Any CPU
		{05BB278F-8498-45BE-A76A-1EC4CA00963C}.Debug|Any CPU.Build.0 = Debug|Any CPU
		{05BB278F-8498-45BE-A76A-1EC4CA00963C}.Release|Any CPU.ActiveCfg = Release|Any CPU
		{05BB278F-8498-45BE-A76A-1EC4CA00963C}.Release|Any CPU.Build.0 = Release|Any CPU
		{E5DE633A-5D5E-47A9-8F34-073EDCD17553}.Debug|Any CPU.ActiveCfg = Debug|Any CPU
		{E5DE633A-5D5E-47A9-8F34-073EDCD17553}.Debug|Any CPU.Build.0 = Debug|Any CPU
		{E5DE633A-5D5E-47A9-8F34-073EDCD17553}.Release|Any CPU.ActiveCfg = Release|Any CPU
		{E5DE633A-5D5E-47A9-8F34-073EDCD17553}.Release|Any CPU.Build.0 = Release|Any CPU
		{900B7B1F-A206-4CBB-BB12-666950372DC4}.Debug|Any CPU.ActiveCfg = Debug|Any CPU
		{900B7B1F-A206-4CBB-BB12-666950372DC4}.Debug|Any CPU.Build.0 = Debug|Any CPU
		{900B7B1F-A206-4CBB-BB12-666950372DC4}.Release|Any CPU.ActiveCfg = Release|Any CPU
		{900B7B1F-A206-4CBB-BB12-666950372DC4}.Release|Any CPU.Build.0 = Release|Any CPU
		{AE830925-C8E9-42DA-AE51-46B18B8E229D}.Debug|Any CPU.ActiveCfg = Debug|Any CPU
		{AE830925-C8E9-42DA-AE51-46B18B8E229D}.Debug|Any CPU.Build.0 = Debug|Any CPU
		{AE830925-C8E9-42DA-AE51-46B18B8E229D}.Release|Any CPU.ActiveCfg = Release|Any CPU
		{AE830925-C8E9-42DA-AE51-46B18B8E229D}.Release|Any CPU.Build.0 = Release|Any CPU
		{9BFD04C7-39F0-4EA2-BA1E-08BFA1805EDB}.Debug|Any CPU.ActiveCfg = Debug|Any CPU
		{9BFD04C7-39F0-4EA2-BA1E-08BFA1805EDB}.Debug|Any CPU.Build.0 = Debug|Any CPU
		{9BFD04C7-39F0-4EA2-BA1E-08BFA1805EDB}.Release|Any CPU.ActiveCfg = Release|Any CPU
		{9BFD04C7-39F0-4EA2-BA1E-08BFA1805EDB}.Release|Any CPU.Build.0 = Release|Any CPU
		{57FA79B1-96AB-4E9B-9B97-C23F7A6CBC23}.Debug|Any CPU.ActiveCfg = Debug|Any CPU
		{57FA79B1-96AB-4E9B-9B97-C23F7A6CBC23}.Debug|Any CPU.Build.0 = Debug|Any CPU
		{57FA79B1-96AB-4E9B-9B97-C23F7A6CBC23}.Release|Any CPU.ActiveCfg = Release|Any CPU
		{57FA79B1-96AB-4E9B-9B97-C23F7A6CBC23}.Release|Any CPU.Build.0 = Release|Any CPU
		{6037A741-A93C-4D9B-A050-011F56CC72DC}.Debug|Any CPU.ActiveCfg = Debug|Any CPU
		{6037A741-A93C-4D9B-A050-011F56CC72DC}.Debug|Any CPU.Build.0 = Debug|Any CPU
		{6037A741-A93C-4D9B-A050-011F56CC72DC}.Release|Any CPU.ActiveCfg = Release|Any CPU
		{6037A741-A93C-4D9B-A050-011F56CC72DC}.Release|Any CPU.Build.0 = Release|Any CPU
		{0A3B4C3F-98AE-4567-A472-EB9BADCE915D}.Debug|Any CPU.ActiveCfg = Debug|Any CPU
		{0A3B4C3F-98AE-4567-A472-EB9BADCE915D}.Debug|Any CPU.Build.0 = Debug|Any CPU
		{0A3B4C3F-98AE-4567-A472-EB9BADCE915D}.Release|Any CPU.ActiveCfg = Release|Any CPU
		{0A3B4C3F-98AE-4567-A472-EB9BADCE915D}.Release|Any CPU.Build.0 = Release|Any CPU
		{5CC64F4E-6ADC-4B84-8DC6-3E756B648A40}.Debug|Any CPU.ActiveCfg = Debug|Any CPU
		{5CC64F4E-6ADC-4B84-8DC6-3E756B648A40}.Debug|Any CPU.Build.0 = Debug|Any CPU
		{5CC64F4E-6ADC-4B84-8DC6-3E756B648A40}.Release|Any CPU.ActiveCfg = Release|Any CPU
		{5CC64F4E-6ADC-4B84-8DC6-3E756B648A40}.Release|Any CPU.Build.0 = Release|Any CPU
		{DD55F7F4-8540-4B96-9CB4-E2EA184C0360}.Debug|Any CPU.ActiveCfg = Debug|Any CPU
		{DD55F7F4-8540-4B96-9CB4-E2EA184C0360}.Debug|Any CPU.Build.0 = Debug|Any CPU
		{DD55F7F4-8540-4B96-9CB4-E2EA184C0360}.Release|Any CPU.ActiveCfg = Release|Any CPU
		{DD55F7F4-8540-4B96-9CB4-E2EA184C0360}.Release|Any CPU.Build.0 = Release|Any CPU
		{FB3CDCD0-CBCC-4BDB-8A95-7889801DD8C7}.Debug|Any CPU.ActiveCfg = Debug|Any CPU
		{FB3CDCD0-CBCC-4BDB-8A95-7889801DD8C7}.Debug|Any CPU.Build.0 = Debug|Any CPU
		{FB3CDCD0-CBCC-4BDB-8A95-7889801DD8C7}.Release|Any CPU.ActiveCfg = Release|Any CPU
		{FB3CDCD0-CBCC-4BDB-8A95-7889801DD8C7}.Release|Any CPU.Build.0 = Release|Any CPU
		{AD4A4F73-484E-4261-B7F8-E8AF4F43425A}.Debug|Any CPU.ActiveCfg = Debug|Any CPU
		{AD4A4F73-484E-4261-B7F8-E8AF4F43425A}.Debug|Any CPU.Build.0 = Debug|Any CPU
		{AD4A4F73-484E-4261-B7F8-E8AF4F43425A}.Release|Any CPU.ActiveCfg = Release|Any CPU
		{AD4A4F73-484E-4261-B7F8-E8AF4F43425A}.Release|Any CPU.Build.0 = Release|Any CPU
		{013F25F1-DB2C-404C-80FB-D7789D8B2731}.Debug|Any CPU.ActiveCfg = Debug|Any CPU
		{013F25F1-DB2C-404C-80FB-D7789D8B2731}.Debug|Any CPU.Build.0 = Debug|Any CPU
		{013F25F1-DB2C-404C-80FB-D7789D8B2731}.Release|Any CPU.ActiveCfg = Release|Any CPU
		{013F25F1-DB2C-404C-80FB-D7789D8B2731}.Release|Any CPU.Build.0 = Release|Any CPU
		{6486343D-57B4-4300-B692-9F131444D579}.Debug|Any CPU.ActiveCfg = Debug|Any CPU
		{6486343D-57B4-4300-B692-9F131444D579}.Debug|Any CPU.Build.0 = Debug|Any CPU
		{6486343D-57B4-4300-B692-9F131444D579}.Release|Any CPU.ActiveCfg = Release|Any CPU
		{6486343D-57B4-4300-B692-9F131444D579}.Release|Any CPU.Build.0 = Release|Any CPU
		{B5E5F1FD-84EE-45F1-B299-97B63C3357A4}.Debug|Any CPU.ActiveCfg = Debug|Any CPU
		{B5E5F1FD-84EE-45F1-B299-97B63C3357A4}.Debug|Any CPU.Build.0 = Debug|Any CPU
		{B5E5F1FD-84EE-45F1-B299-97B63C3357A4}.Release|Any CPU.ActiveCfg = Release|Any CPU
		{B5E5F1FD-84EE-45F1-B299-97B63C3357A4}.Release|Any CPU.Build.0 = Release|Any CPU
		{171C6FA0-82EF-4F76-89CD-8F2703FB2C8B}.Debug|Any CPU.ActiveCfg = Debug|Any CPU
		{171C6FA0-82EF-4F76-89CD-8F2703FB2C8B}.Debug|Any CPU.Build.0 = Debug|Any CPU
		{171C6FA0-82EF-4F76-89CD-8F2703FB2C8B}.Release|Any CPU.ActiveCfg = Release|Any CPU
		{171C6FA0-82EF-4F76-89CD-8F2703FB2C8B}.Release|Any CPU.Build.0 = Release|Any CPU
		{33CEC4D4-0C71-49AC-90B0-37AB4279A6E9}.Debug|Any CPU.ActiveCfg = Debug|Any CPU
		{33CEC4D4-0C71-49AC-90B0-37AB4279A6E9}.Debug|Any CPU.Build.0 = Debug|Any CPU
		{33CEC4D4-0C71-49AC-90B0-37AB4279A6E9}.Release|Any CPU.ActiveCfg = Release|Any CPU
		{33CEC4D4-0C71-49AC-90B0-37AB4279A6E9}.Release|Any CPU.Build.0 = Release|Any CPU
		{34416117-6112-4C83-8CDE-61E6FF47EF2B}.Debug|Any CPU.ActiveCfg = Debug|Any CPU
		{34416117-6112-4C83-8CDE-61E6FF47EF2B}.Debug|Any CPU.Build.0 = Debug|Any CPU
		{34416117-6112-4C83-8CDE-61E6FF47EF2B}.Release|Any CPU.ActiveCfg = Release|Any CPU
		{34416117-6112-4C83-8CDE-61E6FF47EF2B}.Release|Any CPU.Build.0 = Release|Any CPU
		{4343AF15-6C69-4E95-9561-D42759C43728}.Debug|Any CPU.ActiveCfg = Debug|Any CPU
		{4343AF15-6C69-4E95-9561-D42759C43728}.Debug|Any CPU.Build.0 = Debug|Any CPU
		{4343AF15-6C69-4E95-9561-D42759C43728}.Release|Any CPU.ActiveCfg = Release|Any CPU
		{4343AF15-6C69-4E95-9561-D42759C43728}.Release|Any CPU.Build.0 = Release|Any CPU
	EndGlobalSection
	GlobalSection(SolutionProperties) = preSolution
		HideSolutionNode = FALSE
	EndGlobalSection
	GlobalSection(NestedProjects) = preSolution
		{930306BA-687C-4E81-B707-A35F49DDC59A} = {02EA681E-C7D8-13C7-8484-4AC65E1B71E8}
		{9AC525E4-13D3-468C-8FB9-66AD2A1D8178} = {02EA681E-C7D8-13C7-8484-4AC65E1B71E8}
		{77F04A5A-C6E9-4B95-8873-C5D8118CFC42} = {02EA681E-C7D8-13C7-8484-4AC65E1B71E8}
		{C4BB363A-9AA7-489C-87E5-33483121D8B1} = {382D8896-93B7-4FB7-AAF6-1C9A05813821}
		{AEDFD07F-57B5-4521-B8BA-0BDD15627594} = {382D8896-93B7-4FB7-AAF6-1C9A05813821}
		{05BB278F-8498-45BE-A76A-1EC4CA00963C} = {382D8896-93B7-4FB7-AAF6-1C9A05813821}
		{E5DE633A-5D5E-47A9-8F34-073EDCD17553} = {11420B3F-FFDC-4B27-B61D-9635DF2D8F45}
		{900B7B1F-A206-4CBB-BB12-666950372DC4} = {11420B3F-FFDC-4B27-B61D-9635DF2D8F45}
		{AE830925-C8E9-42DA-AE51-46B18B8E229D} = {11420B3F-FFDC-4B27-B61D-9635DF2D8F45}
		{9BFD04C7-39F0-4EA2-BA1E-08BFA1805EDB} = {B0F3F03F-33AA-4B54-A255-8E0BF33E33D7}
		{57FA79B1-96AB-4E9B-9B97-C23F7A6CBC23} = {B0F3F03F-33AA-4B54-A255-8E0BF33E33D7}
		{6037A741-A93C-4D9B-A050-011F56CC72DC} = {B0F3F03F-33AA-4B54-A255-8E0BF33E33D7}
		{0A3B4C3F-98AE-4567-A472-EB9BADCE915D} = {82C6329B-4DB4-41C1-9ABE-70A9F02FCF0D}
		{5CC64F4E-6ADC-4B84-8DC6-3E756B648A40} = {82C6329B-4DB4-41C1-9ABE-70A9F02FCF0D}
		{DD55F7F4-8540-4B96-9CB4-E2EA184C0360} = {82C6329B-4DB4-41C1-9ABE-70A9F02FCF0D}
		{FB3CDCD0-CBCC-4BDB-8A95-7889801DD8C7} = {A545DEA5-BBCC-4B3A-835D-1A85F26CA564}
		{AD4A4F73-484E-4261-B7F8-E8AF4F43425A} = {A545DEA5-BBCC-4B3A-835D-1A85F26CA564}
		{013F25F1-DB2C-404C-80FB-D7789D8B2731} = {A545DEA5-BBCC-4B3A-835D-1A85F26CA564}
		{6486343D-57B4-4300-B692-9F131444D579} = {369B5CCC-C38E-4044-ABB0-6A6E804ECAA8}
		{B5E5F1FD-84EE-45F1-B299-97B63C3357A4} = {369B5CCC-C38E-4044-ABB0-6A6E804ECAA8}
		{171C6FA0-82EF-4F76-89CD-8F2703FB2C8B} = {369B5CCC-C38E-4044-ABB0-6A6E804ECAA8}
		{33CEC4D4-0C71-49AC-90B0-37AB4279A6E9} = {56A5E041-937F-434C-A4DA-E03703ABB4C8}
		{34416117-6112-4C83-8CDE-61E6FF47EF2B} = {56A5E041-937F-434C-A4DA-E03703ABB4C8}
		{4343AF15-6C69-4E95-9561-D42759C43728} = {56A5E041-937F-434C-A4DA-E03703ABB4C8}
	EndGlobalSection
	GlobalSection(ExtensibilityGlobals) = postSolution
		SolutionGuid = {FF6DD831-83E2-4082-9334-DFBE05581928}
	EndGlobalSection
EndGlobal
