
Microsoft Visual Studio Solution File, Format Version 12.00
# Visual Studio Version 17
VisualStudioVersion = 17.14.36518.9 d17.14
MinimumVisualStudioVersion = 10.0.40219.1
Project("{2150E333-8FDC-42A3-9474-1A3956D46DE8}") = "Task 0", "Task 0", "{02EA681E-C7D8-13C7-8484-4AC65E1B71E8}"
EndProject
Project("{FAE04EC0-301F-11D3-BF4B-00C04F79EFBC}") = "Tyuiu.FilevaPA.Sprint3.Task0.V15", "Tyuiu.FilevaPA.Sprint3.Task0.V15\Tyuiu.FilevaPA.Sprint3.Task0.V15.csproj", "{930306BA-687C-4E81-B707-A35F49DDC59A}"
EndProject
Project("{FAE04EC0-301F-11D3-BF4B-00C04F79EFBC}") = "Tyuiu.FilevaPA.Sprint3.Task0.V15.Lib", "Tyuiu.FilevaPA.Sprint3.Task0.V15.Lib\Tyuiu.FilevaPA.Sprint3.Task0.V15.Lib.csproj", "{9AC525E4-13D3-468C-8FB9-66AD2A1D8178}"
EndProject
Project("{FAE04EC0-301F-11D3-BF4B-00C04F79EFBC}") = "Tyuiu.FilevaPA.Sprint3.Task0.V15.Test", "Tyuiu.FilevaPA.Sprint3.Task0.V15.Test\Tyuiu.FilevaPA.Sprint3.Task0.V15.Test.csproj", "{77F04A5A-C6E9-4B95-8873-C5D8118CFC42}"
EndProject
Project("{2150E333-8FDC-42A3-9474-1A3956D46DE8}") = "Task 1", "Task 1", "{382D8896-93B7-4FB7-AAF6-1C9A05813821}"
EndProject
Project("{FAE04EC0-301F-11D3-BF4B-00C04F79EFBC}") = "Tyuiu.FilevaPA.Sprint3.Task1.V14", "Tyuiu.FilevaPA.Sprint3.Task1.V14\Tyuiu.FilevaPA.Sprint3.Task1.V14.csproj", "{C4BB363A-9AA7-489C-87E5-33483121D8B1}"
EndProject
Project("{FAE04EC0-301F-11D3-BF4B-00C04F79EFBC}") = "Tyuiu.FilevaPA.Sprint3.Task1.V14.Lib", "Tyuiu.FilevaPA.Sprint3.Task1.V14.Lib\Tyuiu.FilevaPA.Sprint3.Task1.V14.Lib.csproj", "{AEDFD07F-57B5-4521-B8BA-0BDD15627594}"
EndProject
Project("{FAE04EC0-301F-11D3-BF4B-00C04F79EFBC}") = "Tyuiu.FilevaPA.Sprint3.Task1.V14.Test", "Tyuiu.FilevaPA.Sprint3.Task1.V14.Test\Tyuiu.FilevaPA.Sprint3.Task1.V14.Test.csproj", "{05BB278F-8498-45BE-A76A-1EC4CA00963C}"
EndProject
Project("{2150E333-8FDC-42A3-9474-1A3956D46DE8}") = "Task 2", "Task 2", "{11420B3F-FFDC-4B27-B61D-9635DF2D8F45}"
EndProject
Project("{FAE04EC0-301F-11D3-BF4B-00C04F79EFBC}") = "Tyuiu.FilevaPA.Sprint3.Task2.V7", "Tyuiu.FilevaPA.Sprint3.Task2.V7\Tyuiu.FilevaPA.Sprint3.Task2.V7.csproj", "{E5DE633A-5D5E-47A9-8F34-073EDCD17553}"
EndProject
Project("{FAE04EC0-301F-11D3-BF4B-00C04F79EFBC}") = "Tyuiu.FilevaPA.Sprint3.Task2.V7.Lib", "Tyuiu.FilevaPA.Sprint3.Task2.V7.Lib\Tyuiu.FilevaPA.Sprint3.Task2.V7.Lib.csproj", "{900B7B1F-A206-4CBB-BB12-666950372DC4}"
EndProject
Project("{FAE04EC0-301F-11D3-BF4B-00C04F79EFBC}") = "Tyuiu.FilevaPA.Sprint3.Task2.V7.Test", "Tyuiu.FilevaPA.Sprint3.Task2.V7.Test\Tyuiu.FilevaPA.Sprint3.Task2.V7.Test.csproj", "{AE830925-C8E9-42DA-AE51-46B18B8E229D}"
EndProject
Global
	GlobalSection(SolutionConfigurationPlatforms) = preSolution
		Debug|Any CPU = Debug|Any CPU
		Release|Any CPU = Release|Any CPU
	EndGlobalSection
	GlobalSection(ProjectConfigurationPlatforms) = postSolution
		{930306BA-687C-4E81-B707-A35F49DDC59A}.Debug|Any CPU.ActiveCfg = Debug|Any CPU
		{930306BA-687C-4E81-B707-A35F49DDC59A}.Debug|Any CPU.Build.0 = Debug|Any CPU
		{930306BA-687C-4E81-B707-A35F49DDC59A}.Release|Any CPU.ActiveCfg = Release|Any CPU
		{930306BA-687C-4E81-B707-A35F49DDC59A}.Release|Any CPU.Build.0 = Release|Any CPU
		{9AC525E4-13D3-468C-8FB9-66AD2A1D8178}.Debug|Any CPU.ActiveCfg = Debug|Any CPU
		{9AC525E4-13D3-468C-8FB9-66AD2A1D8178}.Debug|Any CPU.Build.0 = Debug|Any CPU
		{9AC525E4-13D3-468C-8FB9-66AD2A1D8178}.Release|Any CPU.ActiveCfg = Release|Any CPU
		{9AC525E4-13D3-468C-8FB9-66AD2A1D8178}.Release|Any CPU.Build.0 = Release|Any CPU
		{77F04A5A-C6E9-4B95-8873-C5D8118CFC42}.Debug|Any CPU.ActiveCfg = Debug|Any CPU
		{77F04A5A-C6E9-4B95-8873-C5D8118CFC42}.Debug|Any CPU.Build.0 = Debug|Any CPU
		{77F04A5A-C6E9-4B95-8873-C5D8118CFC42}.Release|Any CPU.ActiveCfg = Release|Any CPU
		{77F04A5A-C6E9-4B95-8873-C5D8118CFC42}.Release|Any CPU.Build.0 = Release|Any CPU
		{C4BB363A-9AA7-489C-87E5-33483121D8B1}.Debug|Any CPU.ActiveCfg = Debug|Any CPU
		{C4BB363A-9AA7-489C-87E5-33483121D8B1}.Debug|Any CPU.Build.0 = Debug|Any CPU
		{C4BB363A-9AA7-489C-87E5-33483121D8B1}.Release|Any CPU.ActiveCfg = Release|Any CPU
		{C4BB363A-9AA7-489C-87E5-33483121D8B1}.Release|Any CPU.Build.0 = Release|Any CPU
		{AEDFD07F-57B5-4521-B8BA-0BDD15627594}.Debug|Any CPU.ActiveCfg = Debug|Any CPU
		{AEDFD07F-57B5-4521-B8BA-0BDD15627594}.Debug|Any CPU.Build.0 = Debug|Any CPU
		{AEDFD07F-57B5-4521-B8BA-0BDD15627594}.Release|Any CPU.ActiveCfg = Release|Any CPU
		{AEDFD07F-57B5-4521-B8BA-0BDD15627594}.Release|Any CPU.Build.0 = Release|Any CPU
		{05BB278F-8498-45BE-A76A-1EC4CA00963C}.Debug|Any CPU.ActiveCfg = Debug|Any CPU
		{05BB278F-8498-45BE-A76A-1EC4CA00963C}.Debug|Any CPU.Build.0 = Debug|Any CPU
		{05BB278F-8498-45BE-A76A-1EC4CA00963C}.Release|Any CPU.ActiveCfg = Release|Any CPU
		{05BB278F-8498-45BE-A76A-1EC4CA00963C}.Release|Any CPU.Build.0 = Release|Any CPU
		{E5DE633A-5D5E-47A9-8F34-073EDCD17553}.Debug|Any CPU.ActiveCfg = Debug|Any CPU
		{E5DE633A-5D5E-47A9-8F34-073EDCD17553}.Debug|Any CPU.Build.0 = Debug|Any CPU
		{E5DE633A-5D5E-47A9-8F34-073EDCD17553}.Release|Any CPU.ActiveCfg = Release|Any CPU
		{E5DE633A-5D5E-47A9-8F34-073EDCD17553}.Release|Any CPU.Build.0 = Release|Any CPU
		{900B7B1F-A206-4CBB-BB12-666950372DC4}.Debug|Any CPU.ActiveCfg = Debug|Any CPU
		{900B7B1F-A206-4CBB-BB12-666950372DC4}.Debug|Any CPU.Build.0 = Debug|Any CPU
		{900B7B1F-A206-4CBB-BB12-666950372DC4}.Release|Any CPU.ActiveCfg = Release|Any CPU
		{900B7B1F-A206-4CBB-BB12-666950372DC4}.Release|Any CPU.Build.0 = Release|Any CPU
		{AE830925-C8E9-42DA-AE51-46B18B8E229D}.Debug|Any CPU.ActiveCfg = Debug|Any CPU
		{AE830925-C8E9-42DA-AE51-46B18B8E229D}.Debug|Any CPU.Build.0 = Debug|Any CPU
		{AE830925-C8E9-42DA-AE51-46B18B8E229D}.Release|Any CPU.ActiveCfg = Release|Any CPU
		{AE830925-C8E9-42DA-AE51-46B18B8E229D}.Release|Any CPU.Build.0 = Release|Any CPU
	EndGlobalSection
	GlobalSection(SolutionProperties) = preSolution
		HideSolutionNode = FALSE
	EndGlobalSection
	GlobalSection(NestedProjects) = preSolution
		{930306BA-687C-4E81-B707-A35F49DDC59A} = {02EA681E-C7D8-13C7-8484-4AC65E1B71E8}
		{9AC525E4-13D3-468C-8FB9-66AD2A1D8178} = {02EA681E-C7D8-13C7-8484-4AC65E1B71E8}
		{77F04A5A-C6E9-4B95-8873-C5D8118CFC42} = {02EA681E-C7D8-13C7-8484-4AC65E1B71E8}
		{C4BB363A-9AA7-489C-87E5-33483121D8B1} = {382D8896-93B7-4FB7-AAF6-1C9A05813821}
		{AEDFD07F-57B5-4521-B8BA-0BDD15627594} = {382D8896-93B7-4FB7-AAF6-1C9A05813821}
		{05BB278F-8498-45BE-A76A-1EC4CA00963C} = {382D8896-93B7-4FB7-AAF6-1C9A05813821}
		{E5DE633A-5D5E-47A9-8F34-073EDCD17553} = {11420B3F-FFDC-4B27-B61D-9635DF2D8F45}
		{900B7B1F-A206-4CBB-BB12-666950372DC4} = {11420B3F-FFDC-4B27-B61D-9635DF2D8F45}
		{AE830925-C8E9-42DA-AE51-46B18B8E229D} = {11420B3F-FFDC-4B27-B61D-9635DF2D8F45}
	EndGlobalSection
	GlobalSection(ExtensibilityGlobals) = postSolution
		SolutionGuid = {FF6DD831-83E2-4082-9334-DFBE05581928}
	EndGlobalSection
EndGlobal
